
Microsoft Visual Studio Solution File, Format Version 12.00
# Visual Studio Version 17
VisualStudioVersion = 17.8.34525.116
MinimumVisualStudioVersion = 10.0.40219.1
Project("{9A19103F-16F7-4668-BE54-9A1E7A4F7556}") = "пр13", "пр13\пр13.csproj", "{13AB62F6-8544-4BAA-8823-DD148CD6E5CC}"
EndProject
Project("{9A19103F-16F7-4668-BE54-9A1E7A4F7556}") = "libmas", "libmas\libmas.csproj", "{1312601C-8E27-4729-80BB-546356751121}"
EndProject
Project("{FAE04EC0-301F-11D3-BF4B-00C04F79EFBC}") = "lib3", "lib3\lib3.csproj", "{EDA3E132-D4BB-4644-87E2-B7515E13F11B}"
EndProject
Global
	GlobalSection(SolutionConfigurationPlatforms) = preSolution
		Debug|Any CPU = Debug|Any CPU
		Release|Any CPU = Release|Any CPU
	EndGlobalSection
	GlobalSection(ProjectConfigurationPlatforms) = postSolution
		{13AB62F6-8544-4BAA-8823-DD148CD6E5CC}.Debug|Any CPU.ActiveCfg = Debug|Any CPU
		{13AB62F6-8544-4BAA-8823-DD148CD6E5CC}.Debug|Any CPU.Build.0 = Debug|Any CPU
		{13AB62F6-8544-4BAA-8823-DD148CD6E5CC}.Release|Any CPU.ActiveCfg = Release|Any CPU
		{13AB62F6-8544-4BAA-8823-DD148CD6E5CC}.Release|Any CPU.Build.0 = Release|Any CPU
		{1312601C-8E27-4729-80BB-546356751121}.Debug|Any CPU.ActiveCfg = Debug|Any CPU
		{1312601C-8E27-4729-80BB-546356751121}.Debug|Any CPU.Build.0 = Debug|Any CPU
		{1312601C-8E27-4729-80BB-546356751121}.Release|Any CPU.ActiveCfg = Release|Any CPU
		{1312601C-8E27-4729-80BB-546356751121}.Release|Any CPU.Build.0 = Release|Any CPU
		{EDA3E132-D4BB-4644-87E2-B7515E13F11B}.Debug|Any CPU.ActiveCfg = Debug|Any CPU
		{EDA3E132-D4BB-4644-87E2-B7515E13F11B}.Debug|Any CPU.Build.0 = Debug|Any CPU
		{EDA3E132-D4BB-4644-87E2-B7515E13F11B}.Release|Any CPU.ActiveCfg = Release|Any CPU
		{EDA3E132-D4BB-4644-87E2-B7515E13F11B}.Release|Any CPU.Build.0 = Release|Any CPU
	EndGlobalSection
	GlobalSection(SolutionProperties) = preSolution
		HideSolutionNode = FALSE
	EndGlobalSection
	GlobalSection(ExtensibilityGlobals) = postSolution
		SolutionGuid = {1556BD96-442E-4640-A66F-02CB2D62A76F}
	EndGlobalSection
EndGlobal
